// !$*UTF8*$!
{
	archiveVersion = 1;
	classes = {
	};
	objectVersion = 50;
	objects = {

/* Begin PBXBuildFile section */
		EE52F6C423DC72AF001E6348 /* DetailViewController.swift in Sources */ = {isa = PBXBuildFile; fileRef = EE52F6C323DC72AE001E6348 /* DetailViewController.swift */; };
		EE52F72723DCB65F001E6348 /* RAN_32.jpg in Resources */ = {isa = PBXBuildFile; fileRef = EE52F6C523DCB655001E6348 /* RAN_32.jpg */; };
		EE52F72823DCB65F001E6348 /* RAN_31.jpg in Resources */ = {isa = PBXBuildFile; fileRef = EE52F6C623DCB655001E6348 /* RAN_31.jpg */; };
		EE52F72923DCB65F001E6348 /* RAN_95.jpg in Resources */ = {isa = PBXBuildFile; fileRef = EE52F6C723DCB655001E6348 /* RAN_95.jpg */; };
		EE52F72A23DCB65F001E6348 /* RAN_44.jpg in Resources */ = {isa = PBXBuildFile; fileRef = EE52F6C823DCB655001E6348 /* RAN_44.jpg */; };
		EE52F72B23DCB65F001E6348 /* RAN_45.png in Resources */ = {isa = PBXBuildFile; fileRef = EE52F6C923DCB655001E6348 /* RAN_45.png */; };
		EE52F72C23DCB65F001E6348 /* RAN_38.png in Resources */ = {isa = PBXBuildFile; fileRef = EE52F6CA23DCB655001E6348 /* RAN_38.png */; };
		EE52F72D23DCB65F001E6348 /* RAN_10.jpg in Resources */ = {isa = PBXBuildFile; fileRef = EE52F6CB23DCB655001E6348 /* RAN_10.jpg */; };
		EE52F72E23DCB65F001E6348 /* RAN_22.jpg in Resources */ = {isa = PBXBuildFile; fileRef = EE52F6CC23DCB656001E6348 /* RAN_22.jpg */; };
		EE52F72F23DCB65F001E6348 /* RAN_75.png in Resources */ = {isa = PBXBuildFile; fileRef = EE52F6CD23DCB656001E6348 /* RAN_75.png */; };
		EE52F73023DCB65F001E6348 /* RAN_35.jpg in Resources */ = {isa = PBXBuildFile; fileRef = EE52F6CE23DCB656001E6348 /* RAN_35.jpg */; };
		EE52F73123DCB65F001E6348 /* RAN_19.jpg in Resources */ = {isa = PBXBuildFile; fileRef = EE52F6CF23DCB656001E6348 /* RAN_19.jpg */; };
		EE52F73223DCB65F001E6348 /* RAN_58.jpg in Resources */ = {isa = PBXBuildFile; fileRef = EE52F6D023DCB656001E6348 /* RAN_58.jpg */; };
		EE52F73323DCB65F001E6348 /* RAN_34.jpg in Resources */ = {isa = PBXBuildFile; fileRef = EE52F6D123DCB656001E6348 /* RAN_34.jpg */; };
		EE52F73423DCB65F001E6348 /* RAN_54.png in Resources */ = {isa = PBXBuildFile; fileRef = EE52F6D223DCB656001E6348 /* RAN_54.png */; };
		EE52F73523DCB65F001E6348 /* RAN_70.png in Resources */ = {isa = PBXBuildFile; fileRef = EE52F6D323DCB656001E6348 /* RAN_70.png */; };
		EE52F73623DCB65F001E6348 /* RAN_87.png in Resources */ = {isa = PBXBuildFile; fileRef = EE52F6D423DCB656001E6348 /* RAN_87.png */; };
		EE52F73723DCB65F001E6348 /* RAN_71.jpg in Resources */ = {isa = PBXBuildFile; fileRef = EE52F6D523DCB656001E6348 /* RAN_71.jpg */; };
		EE52F73823DCB65F001E6348 /* RAN_78.jpg in Resources */ = {isa = PBXBuildFile; fileRef = EE52F6D623DCB656001E6348 /* RAN_78.jpg */; };
		EE52F73923DCB65F001E6348 /* RAN_53.jpg in Resources */ = {isa = PBXBuildFile; fileRef = EE52F6D723DCB657001E6348 /* RAN_53.jpg */; };
		EE52F73A23DCB65F001E6348 /* RAN_91.png in Resources */ = {isa = PBXBuildFile; fileRef = EE52F6D823DCB657001E6348 /* RAN_91.png */; };
		EE52F73B23DCB65F001E6348 /* RAN_90.jpg in Resources */ = {isa = PBXBuildFile; fileRef = EE52F6D923DCB657001E6348 /* RAN_90.jpg */; };
		EE52F73C23DCB65F001E6348 /* RAN_46.jpg in Resources */ = {isa = PBXBuildFile; fileRef = EE52F6DA23DCB657001E6348 /* RAN_46.jpg */; };
		EE52F73D23DCB65F001E6348 /* RAN_96.jpg in Resources */ = {isa = PBXBuildFile; fileRef = EE52F6DB23DCB657001E6348 /* RAN_96.jpg */; };
		EE52F73E23DCB65F001E6348 /* RAN_63.jpg in Resources */ = {isa = PBXBuildFile; fileRef = EE52F6DC23DCB657001E6348 /* RAN_63.jpg */; };
		EE52F73F23DCB65F001E6348 /* RAN_1.jpg in Resources */ = {isa = PBXBuildFile; fileRef = EE52F6DD23DCB657001E6348 /* RAN_1.jpg */; };
		EE52F74023DCB65F001E6348 /* RAN_59.png in Resources */ = {isa = PBXBuildFile; fileRef = EE52F6DE23DCB657001E6348 /* RAN_59.png */; };
		EE52F74123DCB65F001E6348 /* RAN_84.png in Resources */ = {isa = PBXBuildFile; fileRef = EE52F6DF23DCB657001E6348 /* RAN_84.png */; };
		EE52F74223DCB65F001E6348 /* RAN_94.jpg in Resources */ = {isa = PBXBuildFile; fileRef = EE52F6E023DCB658001E6348 /* RAN_94.jpg */; };
		EE52F74323DCB65F001E6348 /* RAN_74.png in Resources */ = {isa = PBXBuildFile; fileRef = EE52F6E123DCB658001E6348 /* RAN_74.png */; };
		EE52F74423DCB65F001E6348 /* RAN_85.png in Resources */ = {isa = PBXBuildFile; fileRef = EE52F6E223DCB658001E6348 /* RAN_85.png */; };
		EE52F74523DCB65F001E6348 /* RAN_4.jpg in Resources */ = {isa = PBXBuildFile; fileRef = EE52F6E323DCB658001E6348 /* RAN_4.jpg */; };
		EE52F74623DCB65F001E6348 /* RAN_15.jpg in Resources */ = {isa = PBXBuildFile; fileRef = EE52F6E423DCB658001E6348 /* RAN_15.jpg */; };
		EE52F74723DCB65F001E6348 /* RAN_48.png in Resources */ = {isa = PBXBuildFile; fileRef = EE52F6E523DCB658001E6348 /* RAN_48.png */; };
		EE52F74823DCB65F001E6348 /* RAN_26.jpg in Resources */ = {isa = PBXBuildFile; fileRef = EE52F6E623DCB658001E6348 /* RAN_26.jpg */; };
		EE52F74923DCB65F001E6348 /* RAN_64.jpg in Resources */ = {isa = PBXBuildFile; fileRef = EE52F6E723DCB658001E6348 /* RAN_64.jpg */; };
		EE52F74A23DCB65F001E6348 /* RAN_7.png in Resources */ = {isa = PBXBuildFile; fileRef = EE52F6E823DCB658001E6348 /* RAN_7.png */; };
		EE52F74B23DCB65F001E6348 /* RAN_88.png in Resources */ = {isa = PBXBuildFile; fileRef = EE52F6E923DCB658001E6348 /* RAN_88.png */; };
		EE52F74C23DCB65F001E6348 /* RAN_60.jpg in Resources */ = {isa = PBXBuildFile; fileRef = EE52F6EA23DCB659001E6348 /* RAN_60.jpg */; };
		EE52F74D23DCB65F001E6348 /* RAN_8.png in Resources */ = {isa = PBXBuildFile; fileRef = EE52F6EB23DCB659001E6348 /* RAN_8.png */; };
		EE52F74E23DCB65F001E6348 /* RAN_69.jpg in Resources */ = {isa = PBXBuildFile; fileRef = EE52F6EC23DCB659001E6348 /* RAN_69.jpg */; };
		EE52F74F23DCB65F001E6348 /* RAN_62.jpg in Resources */ = {isa = PBXBuildFile; fileRef = EE52F6ED23DCB659001E6348 /* RAN_62.jpg */; };
		EE52F75023DCB65F001E6348 /* RAN_83.png in Resources */ = {isa = PBXBuildFile; fileRef = EE52F6EE23DCB659001E6348 /* RAN_83.png */; };
		EE52F75123DCB65F001E6348 /* RAN_14.jpg in Resources */ = {isa = PBXBuildFile; fileRef = EE52F6EF23DCB659001E6348 /* RAN_14.jpg */; };
		EE52F75223DCB65F001E6348 /* RAN_25.jpg in Resources */ = {isa = PBXBuildFile; fileRef = EE52F6F023DCB659001E6348 /* RAN_25.jpg */; };
		EE52F75323DCB65F001E6348 /* RAN_80.png in Resources */ = {isa = PBXBuildFile; fileRef = EE52F6F123DCB659001E6348 /* RAN_80.png */; };
		EE52F75423DCB65F001E6348 /* RAN_49.png in Resources */ = {isa = PBXBuildFile; fileRef = EE52F6F223DCB659001E6348 /* RAN_49.png */; };
		EE52F75523DCB65F001E6348 /* RAN_67.png in Resources */ = {isa = PBXBuildFile; fileRef = EE52F6F323DCB659001E6348 /* RAN_67.png */; };
		EE52F75623DCB65F001E6348 /* RAN_52.png in Resources */ = {isa = PBXBuildFile; fileRef = EE52F6F423DCB65A001E6348 /* RAN_52.png */; };
		EE52F75723DCB65F001E6348 /* RAN_39.jpg in Resources */ = {isa = PBXBuildFile; fileRef = EE52F6F523DCB65A001E6348 /* RAN_39.jpg */; };
		EE52F75823DCB65F001E6348 /* RAN_0.png in Resources */ = {isa = PBXBuildFile; fileRef = EE52F6F623DCB65A001E6348 /* RAN_0.png */; };
		EE52F75923DCB65F001E6348 /* RAN_65.jpg in Resources */ = {isa = PBXBuildFile; fileRef = EE52F6F723DCB65A001E6348 /* RAN_65.jpg */; };
		EE52F75A23DCB65F001E6348 /* RAN_79.jpeg in Resources */ = {isa = PBXBuildFile; fileRef = EE52F6F823DCB65A001E6348 /* RAN_79.jpeg */; };
		EE52F75B23DCB65F001E6348 /* RAN_47.jpg in Resources */ = {isa = PBXBuildFile; fileRef = EE52F6F923DCB65A001E6348 /* RAN_47.jpg */; };
		EE52F75C23DCB65F001E6348 /* RAN_37.jpg in Resources */ = {isa = PBXBuildFile; fileRef = EE52F6FA23DCB65A001E6348 /* RAN_37.jpg */; };
		EE52F75D23DCB65F001E6348 /* RAN_40.jpg in Resources */ = {isa = PBXBuildFile; fileRef = EE52F6FB23DCB65A001E6348 /* RAN_40.jpg */; };
		EE52F75E23DCB65F001E6348 /* RAN_50.jpg in Resources */ = {isa = PBXBuildFile; fileRef = EE52F6FC23DCB65A001E6348 /* RAN_50.jpg */; };
		EE52F75F23DCB65F001E6348 /* RAN_73.png in Resources */ = {isa = PBXBuildFile; fileRef = EE52F6FD23DCB65A001E6348 /* RAN_73.png */; };
		EE52F76023DCB65F001E6348 /* RAN_77.jpg in Resources */ = {isa = PBXBuildFile; fileRef = EE52F6FE23DCB65B001E6348 /* RAN_77.jpg */; };
		EE52F76123DCB65F001E6348 /* RAN_86.png in Resources */ = {isa = PBXBuildFile; fileRef = EE52F6FF23DCB65B001E6348 /* RAN_86.png */; };
		EE52F76223DCB65F001E6348 /* RAN_13.jpg in Resources */ = {isa = PBXBuildFile; fileRef = EE52F70023DCB65B001E6348 /* RAN_13.jpg */; };
		EE52F76323DCB65F001E6348 /* RAN_57.jpg in Resources */ = {isa = PBXBuildFile; fileRef = EE52F70123DCB65B001E6348 /* RAN_57.jpg */; };
		EE52F76423DCB65F001E6348 /* RAN_3.jpg in Resources */ = {isa = PBXBuildFile; fileRef = EE52F70223DCB65B001E6348 /* RAN_3.jpg */; };
		EE52F76523DCB65F001E6348 /* RAN_66.jpg in Resources */ = {isa = PBXBuildFile; fileRef = EE52F70323DCB65B001E6348 /* RAN_66.jpg */; };
		EE52F76623DCB65F001E6348 /* RAN_43.jpg in Resources */ = {isa = PBXBuildFile; fileRef = EE52F70423DCB65B001E6348 /* RAN_43.jpg */; };
		EE52F76723DCB65F001E6348 /* RAN_29.jpg in Resources */ = {isa = PBXBuildFile; fileRef = EE52F70523DCB65B001E6348 /* RAN_29.jpg */; };
		EE52F76823DCB65F001E6348 /* RAN_93.png in Resources */ = {isa = PBXBuildFile; fileRef = EE52F70623DCB65B001E6348 /* RAN_93.png */; };
		EE52F76923DCB65F001E6348 /* RAN_82.png in Resources */ = {isa = PBXBuildFile; fileRef = EE52F70723DCB65C001E6348 /* RAN_82.png */; };
		EE52F76A23DCB65F001E6348 /* RAN_68.jpg in Resources */ = {isa = PBXBuildFile; fileRef = EE52F70823DCB65C001E6348 /* RAN_68.jpg */; };
		EE52F76B23DCB65F001E6348 /* RAN_2.jpg in Resources */ = {isa = PBXBuildFile; fileRef = EE52F70923DCB65C001E6348 /* RAN_2.jpg */; };
		EE52F76C23DCB65F001E6348 /* RAN_72.jpg in Resources */ = {isa = PBXBuildFile; fileRef = EE52F70A23DCB65C001E6348 /* RAN_72.jpg */; };
		EE52F76D23DCB65F001E6348 /* RAN_27.jpg in Resources */ = {isa = PBXBuildFile; fileRef = EE52F70B23DCB65C001E6348 /* RAN_27.jpg */; };
		EE52F76E23DCB65F001E6348 /* RAN_76.jpg in Resources */ = {isa = PBXBuildFile; fileRef = EE52F70C23DCB65C001E6348 /* RAN_76.jpg */; };
		EE52F76F23DCB65F001E6348 /* RAN_56.jpg in Resources */ = {isa = PBXBuildFile; fileRef = EE52F70D23DCB65C001E6348 /* RAN_56.jpg */; };
		EE52F77023DCB65F001E6348 /* RAN_61.jpg in Resources */ = {isa = PBXBuildFile; fileRef = EE52F70E23DCB65C001E6348 /* RAN_61.jpg */; };
		EE52F77123DCB65F001E6348 /* RAN_42.jpg in Resources */ = {isa = PBXBuildFile; fileRef = EE52F70F23DCB65C001E6348 /* RAN_42.jpg */; };
		EE52F77223DCB65F001E6348 /* RAN_92.png in Resources */ = {isa = PBXBuildFile; fileRef = EE52F71023DCB65C001E6348 /* RAN_92.png */; };
		EE52F77323DCB65F001E6348 /* RAN_21.png in Resources */ = {isa = PBXBuildFile; fileRef = EE52F71123DCB65C001E6348 /* RAN_21.png */; };
		EE52F77423DCB65F001E6348 /* RAN_33.jpg in Resources */ = {isa = PBXBuildFile; fileRef = EE52F71223DCB65D001E6348 /* RAN_33.jpg */; };
		EE52F77523DCB65F001E6348 /* RAN_18.jpg in Resources */ = {isa = PBXBuildFile; fileRef = EE52F71323DCB65D001E6348 /* RAN_18.jpg */; };
		EE52F77623DCB65F001E6348 /* RAN_97.jpg in Resources */ = {isa = PBXBuildFile; fileRef = EE52F71423DCB65D001E6348 /* RAN_97.jpg */; };
		EE52F77723DCB65F001E6348 /* RAN_16.jpg in Resources */ = {isa = PBXBuildFile; fileRef = EE52F71523DCB65D001E6348 /* RAN_16.jpg */; };
		EE52F77823DCB65F001E6348 /* RAN_30.jpg in Resources */ = {isa = PBXBuildFile; fileRef = EE52F71623DCB65D001E6348 /* RAN_30.jpg */; };
		EE52F77923DCB65F001E6348 /* RAN_20.jpg in Resources */ = {isa = PBXBuildFile; fileRef = EE52F71723DCB65D001E6348 /* RAN_20.jpg */; };
		EE52F77A23DCB65F001E6348 /* RAN_81.png in Resources */ = {isa = PBXBuildFile; fileRef = EE52F71823DCB65D001E6348 /* RAN_81.png */; };
		EE52F77B23DCB65F001E6348 /* RAN_89.png in Resources */ = {isa = PBXBuildFile; fileRef = EE52F71923DCB65D001E6348 /* RAN_89.png */; };
		EE52F77C23DCB65F001E6348 /* RAN_12.jpg in Resources */ = {isa = PBXBuildFile; fileRef = EE52F71A23DCB65D001E6348 /* RAN_12.jpg */; };
		EE52F77D23DCB65F001E6348 /* RAN_23.png in Resources */ = {isa = PBXBuildFile; fileRef = EE52F71B23DCB65E001E6348 /* RAN_23.png */; };
		EE52F77E23DCB65F001E6348 /* RAN_17.jpg in Resources */ = {isa = PBXBuildFile; fileRef = EE52F71C23DCB65E001E6348 /* RAN_17.jpg */; };
		EE52F77F23DCB65F001E6348 /* RAN_11.png in Resources */ = {isa = PBXBuildFile; fileRef = EE52F71D23DCB65E001E6348 /* RAN_11.png */; };
		EE52F78023DCB65F001E6348 /* RAN_36.jpg in Resources */ = {isa = PBXBuildFile; fileRef = EE52F71E23DCB65E001E6348 /* RAN_36.jpg */; };
		EE52F78123DCB65F001E6348 /* RAN_41.png in Resources */ = {isa = PBXBuildFile; fileRef = EE52F71F23DCB65E001E6348 /* RAN_41.png */; };
		EE52F78223DCB65F001E6348 /* RAN_55.jpg in Resources */ = {isa = PBXBuildFile; fileRef = EE52F72023DCB65E001E6348 /* RAN_55.jpg */; };
		EE52F78323DCB65F001E6348 /* RAN_9.jpg in Resources */ = {isa = PBXBuildFile; fileRef = EE52F72123DCB65E001E6348 /* RAN_9.jpg */; };
		EE52F78423DCB65F001E6348 /* RAN_51.png in Resources */ = {isa = PBXBuildFile; fileRef = EE52F72223DCB65E001E6348 /* RAN_51.png */; };
		EE52F78523DCB65F001E6348 /* RAN_6.jpg in Resources */ = {isa = PBXBuildFile; fileRef = EE52F72323DCB65E001E6348 /* RAN_6.jpg */; };
		EE52F78623DCB65F001E6348 /* RAN_24.jpg in Resources */ = {isa = PBXBuildFile; fileRef = EE52F72423DCB65E001E6348 /* RAN_24.jpg */; };
		EE52F78723DCB65F001E6348 /* RAN_5.jpg in Resources */ = {isa = PBXBuildFile; fileRef = EE52F72523DCB65F001E6348 /* RAN_5.jpg */; };
		EE52F78823DCB65F001E6348 /* RAN_28.jpg in Resources */ = {isa = PBXBuildFile; fileRef = EE52F72623DCB65F001E6348 /* RAN_28.jpg */; };
		EEF7E06323D78D940012AB7A /* AppDelegate.swift in Sources */ = {isa = PBXBuildFile; fileRef = EEF7E06223D78D940012AB7A /* AppDelegate.swift */; };
		EEF7E06523D78D940012AB7A /* SceneDelegate.swift in Sources */ = {isa = PBXBuildFile; fileRef = EEF7E06423D78D940012AB7A /* SceneDelegate.swift */; };
		EEF7E06723D78D940012AB7A /* ViewController.swift in Sources */ = {isa = PBXBuildFile; fileRef = EEF7E06623D78D940012AB7A /* ViewController.swift */; };
		EEF7E06A23D78D940012AB7A /* Main.storyboard in Resources */ = {isa = PBXBuildFile; fileRef = EEF7E06823D78D940012AB7A /* Main.storyboard */; };
		EEF7E06C23D78D9C0012AB7A /* Assets.xcassets in Resources */ = {isa = PBXBuildFile; fileRef = EEF7E06B23D78D9C0012AB7A /* Assets.xcassets */; };
		EEF7E06F23D78D9C0012AB7A /* LaunchScreen.storyboard in Resources */ = {isa = PBXBuildFile; fileRef = EEF7E06D23D78D9C0012AB7A /* LaunchScreen.storyboard */; };
/* End PBXBuildFile section */

/* Begin PBXFileReference section */
		EE52F6C323DC72AE001E6348 /* DetailViewController.swift */ = {isa = PBXFileReference; lastKnownFileType = sourcecode.swift; path = DetailViewController.swift; sourceTree = "<group>"; };
		EE52F6C523DCB655001E6348 /* RAN_32.jpg */ = {isa = PBXFileReference; lastKnownFileType = image.jpeg; path = RAN_32.jpg; sourceTree = "<group>"; };
		EE52F6C623DCB655001E6348 /* RAN_31.jpg */ = {isa = PBXFileReference; lastKnownFileType = image.jpeg; path = RAN_31.jpg; sourceTree = "<group>"; };
		EE52F6C723DCB655001E6348 /* RAN_95.jpg */ = {isa = PBXFileReference; lastKnownFileType = image.jpeg; path = RAN_95.jpg; sourceTree = "<group>"; };
		EE52F6C823DCB655001E6348 /* RAN_44.jpg */ = {isa = PBXFileReference; lastKnownFileType = image.jpeg; path = RAN_44.jpg; sourceTree = "<group>"; };
		EE52F6C923DCB655001E6348 /* RAN_45.png */ = {isa = PBXFileReference; lastKnownFileType = image.png; path = RAN_45.png; sourceTree = "<group>"; };
		EE52F6CA23DCB655001E6348 /* RAN_38.png */ = {isa = PBXFileReference; lastKnownFileType = image.png; path = RAN_38.png; sourceTree = "<group>"; };
		EE52F6CB23DCB655001E6348 /* RAN_10.jpg */ = {isa = PBXFileReference; lastKnownFileType = image.jpeg; path = RAN_10.jpg; sourceTree = "<group>"; };
		EE52F6CC23DCB656001E6348 /* RAN_22.jpg */ = {isa = PBXFileReference; lastKnownFileType = image.jpeg; path = RAN_22.jpg; sourceTree = "<group>"; };
		EE52F6CD23DCB656001E6348 /* RAN_75.png */ = {isa = PBXFileReference; lastKnownFileType = image.png; path = RAN_75.png; sourceTree = "<group>"; };
		EE52F6CE23DCB656001E6348 /* RAN_35.jpg */ = {isa = PBXFileReference; lastKnownFileType = image.jpeg; path = RAN_35.jpg; sourceTree = "<group>"; };
		EE52F6CF23DCB656001E6348 /* RAN_19.jpg */ = {isa = PBXFileReference; lastKnownFileType = image.jpeg; path = RAN_19.jpg; sourceTree = "<group>"; };
		EE52F6D023DCB656001E6348 /* RAN_58.jpg */ = {isa = PBXFileReference; lastKnownFileType = image.jpeg; path = RAN_58.jpg; sourceTree = "<group>"; };
		EE52F6D123DCB656001E6348 /* RAN_34.jpg */ = {isa = PBXFileReference; lastKnownFileType = image.jpeg; path = RAN_34.jpg; sourceTree = "<group>"; };
		EE52F6D223DCB656001E6348 /* RAN_54.png */ = {isa = PBXFileReference; lastKnownFileType = image.png; path = RAN_54.png; sourceTree = "<group>"; };
		EE52F6D323DCB656001E6348 /* RAN_70.png */ = {isa = PBXFileReference; lastKnownFileType = image.png; path = RAN_70.png; sourceTree = "<group>"; };
		EE52F6D423DCB656001E6348 /* RAN_87.png */ = {isa = PBXFileReference; lastKnownFileType = image.png; path = RAN_87.png; sourceTree = "<group>"; };
		EE52F6D523DCB656001E6348 /* RAN_71.jpg */ = {isa = PBXFileReference; lastKnownFileType = image.jpeg; path = RAN_71.jpg; sourceTree = "<group>"; };
		EE52F6D623DCB656001E6348 /* RAN_78.jpg */ = {isa = PBXFileReference; lastKnownFileType = image.jpeg; path = RAN_78.jpg; sourceTree = "<group>"; };
		EE52F6D723DCB657001E6348 /* RAN_53.jpg */ = {isa = PBXFileReference; lastKnownFileType = image.jpeg; path = RAN_53.jpg; sourceTree = "<group>"; };
		EE52F6D823DCB657001E6348 /* RAN_91.png */ = {isa = PBXFileReference; lastKnownFileType = image.png; path = RAN_91.png; sourceTree = "<group>"; };
		EE52F6D923DCB657001E6348 /* RAN_90.jpg */ = {isa = PBXFileReference; lastKnownFileType = image.jpeg; path = RAN_90.jpg; sourceTree = "<group>"; };
		EE52F6DA23DCB657001E6348 /* RAN_46.jpg */ = {isa = PBXFileReference; lastKnownFileType = image.jpeg; path = RAN_46.jpg; sourceTree = "<group>"; };
		EE52F6DB23DCB657001E6348 /* RAN_96.jpg */ = {isa = PBXFileReference; lastKnownFileType = image.jpeg; path = RAN_96.jpg; sourceTree = "<group>"; };
		EE52F6DC23DCB657001E6348 /* RAN_63.jpg */ = {isa = PBXFileReference; lastKnownFileType = image.jpeg; path = RAN_63.jpg; sourceTree = "<group>"; };
		EE52F6DD23DCB657001E6348 /* RAN_1.jpg */ = {isa = PBXFileReference; lastKnownFileType = image.jpeg; path = RAN_1.jpg; sourceTree = "<group>"; };
		EE52F6DE23DCB657001E6348 /* RAN_59.png */ = {isa = PBXFileReference; lastKnownFileType = image.png; path = RAN_59.png; sourceTree = "<group>"; };
		EE52F6DF23DCB657001E6348 /* RAN_84.png */ = {isa = PBXFileReference; lastKnownFileType = image.png; path = RAN_84.png; sourceTree = "<group>"; };
		EE52F6E023DCB658001E6348 /* RAN_94.jpg */ = {isa = PBXFileReference; lastKnownFileType = image.jpeg; path = RAN_94.jpg; sourceTree = "<group>"; };
		EE52F6E123DCB658001E6348 /* RAN_74.png */ = {isa = PBXFileReference; lastKnownFileType = image.png; path = RAN_74.png; sourceTree = "<group>"; };
		EE52F6E223DCB658001E6348 /* RAN_85.png */ = {isa = PBXFileReference; lastKnownFileType = image.png; path = RAN_85.png; sourceTree = "<group>"; };
		EE52F6E323DCB658001E6348 /* RAN_4.jpg */ = {isa = PBXFileReference; lastKnownFileType = image.jpeg; path = RAN_4.jpg; sourceTree = "<group>"; };
		EE52F6E423DCB658001E6348 /* RAN_15.jpg */ = {isa = PBXFileReference; lastKnownFileType = image.jpeg; path = RAN_15.jpg; sourceTree = "<group>"; };
		EE52F6E523DCB658001E6348 /* RAN_48.png */ = {isa = PBXFileReference; lastKnownFileType = image.png; path = RAN_48.png; sourceTree = "<group>"; };
		EE52F6E623DCB658001E6348 /* RAN_26.jpg */ = {isa = PBXFileReference; lastKnownFileType = image.jpeg; path = RAN_26.jpg; sourceTree = "<group>"; };
		EE52F6E723DCB658001E6348 /* RAN_64.jpg */ = {isa = PBXFileReference; lastKnownFileType = image.jpeg; path = RAN_64.jpg; sourceTree = "<group>"; };
		EE52F6E823DCB658001E6348 /* RAN_7.png */ = {isa = PBXFileReference; lastKnownFileType = image.png; path = RAN_7.png; sourceTree = "<group>"; };
		EE52F6E923DCB658001E6348 /* RAN_88.png */ = {isa = PBXFileReference; lastKnownFileType = image.png; path = RAN_88.png; sourceTree = "<group>"; };
		EE52F6EA23DCB659001E6348 /* RAN_60.jpg */ = {isa = PBXFileReference; lastKnownFileType = image.jpeg; path = RAN_60.jpg; sourceTree = "<group>"; };
		EE52F6EB23DCB659001E6348 /* RAN_8.png */ = {isa = PBXFileReference; lastKnownFileType = image.png; path = RAN_8.png; sourceTree = "<group>"; };
		EE52F6EC23DCB659001E6348 /* RAN_69.jpg */ = {isa = PBXFileReference; lastKnownFileType = image.jpeg; path = RAN_69.jpg; sourceTree = "<group>"; };
		EE52F6ED23DCB659001E6348 /* RAN_62.jpg */ = {isa = PBXFileReference; lastKnownFileType = image.jpeg; path = RAN_62.jpg; sourceTree = "<group>"; };
		EE52F6EE23DCB659001E6348 /* RAN_83.png */ = {isa = PBXFileReference; lastKnownFileType = image.png; path = RAN_83.png; sourceTree = "<group>"; };
		EE52F6EF23DCB659001E6348 /* RAN_14.jpg */ = {isa = PBXFileReference; lastKnownFileType = image.jpeg; path = RAN_14.jpg; sourceTree = "<group>"; };
		EE52F6F023DCB659001E6348 /* RAN_25.jpg */ = {isa = PBXFileReference; lastKnownFileType = image.jpeg; path = RAN_25.jpg; sourceTree = "<group>"; };
		EE52F6F123DCB659001E6348 /* RAN_80.png */ = {isa = PBXFileReference; lastKnownFileType = image.png; path = RAN_80.png; sourceTree = "<group>"; };
		EE52F6F223DCB659001E6348 /* RAN_49.png */ = {isa = PBXFileReference; lastKnownFileType = image.png; path = RAN_49.png; sourceTree = "<group>"; };
		EE52F6F323DCB659001E6348 /* RAN_67.png */ = {isa = PBXFileReference; lastKnownFileType = image.png; path = RAN_67.png; sourceTree = "<group>"; };
		EE52F6F423DCB65A001E6348 /* RAN_52.png */ = {isa = PBXFileReference; lastKnownFileType = image.png; path = RAN_52.png; sourceTree = "<group>"; };
		EE52F6F523DCB65A001E6348 /* RAN_39.jpg */ = {isa = PBXFileReference; lastKnownFileType = image.jpeg; path = RAN_39.jpg; sourceTree = "<group>"; };
		EE52F6F623DCB65A001E6348 /* RAN_0.png */ = {isa = PBXFileReference; lastKnownFileType = image.png; path = RAN_0.png; sourceTree = "<group>"; };
		EE52F6F723DCB65A001E6348 /* RAN_65.jpg */ = {isa = PBXFileReference; lastKnownFileType = image.jpeg; path = RAN_65.jpg; sourceTree = "<group>"; };
		EE52F6F823DCB65A001E6348 /* RAN_79.jpeg */ = {isa = PBXFileReference; lastKnownFileType = image.jpeg; path = RAN_79.jpeg; sourceTree = "<group>"; };
		EE52F6F923DCB65A001E6348 /* RAN_47.jpg */ = {isa = PBXFileReference; lastKnownFileType = image.jpeg; path = RAN_47.jpg; sourceTree = "<group>"; };
		EE52F6FA23DCB65A001E6348 /* RAN_37.jpg */ = {isa = PBXFileReference; lastKnownFileType = image.jpeg; path = RAN_37.jpg; sourceTree = "<group>"; };
		EE52F6FB23DCB65A001E6348 /* RAN_40.jpg */ = {isa = PBXFileReference; lastKnownFileType = image.jpeg; path = RAN_40.jpg; sourceTree = "<group>"; };
		EE52F6FC23DCB65A001E6348 /* RAN_50.jpg */ = {isa = PBXFileReference; lastKnownFileType = image.jpeg; path = RAN_50.jpg; sourceTree = "<group>"; };
		EE52F6FD23DCB65A001E6348 /* RAN_73.png */ = {isa = PBXFileReference; lastKnownFileType = image.png; path = RAN_73.png; sourceTree = "<group>"; };
		EE52F6FE23DCB65B001E6348 /* RAN_77.jpg */ = {isa = PBXFileReference; lastKnownFileType = image.jpeg; path = RAN_77.jpg; sourceTree = "<group>"; };
		EE52F6FF23DCB65B001E6348 /* RAN_86.png */ = {isa = PBXFileReference; lastKnownFileType = image.png; path = RAN_86.png; sourceTree = "<group>"; };
		EE52F70023DCB65B001E6348 /* RAN_13.jpg */ = {isa = PBXFileReference; lastKnownFileType = image.jpeg; path = RAN_13.jpg; sourceTree = "<group>"; };
		EE52F70123DCB65B001E6348 /* RAN_57.jpg */ = {isa = PBXFileReference; lastKnownFileType = image.jpeg; path = RAN_57.jpg; sourceTree = "<group>"; };
		EE52F70223DCB65B001E6348 /* RAN_3.jpg */ = {isa = PBXFileReference; lastKnownFileType = image.jpeg; path = RAN_3.jpg; sourceTree = "<group>"; };
		EE52F70323DCB65B001E6348 /* RAN_66.jpg */ = {isa = PBXFileReference; lastKnownFileType = image.jpeg; path = RAN_66.jpg; sourceTree = "<group>"; };
		EE52F70423DCB65B001E6348 /* RAN_43.jpg */ = {isa = PBXFileReference; lastKnownFileType = image.jpeg; path = RAN_43.jpg; sourceTree = "<group>"; };
		EE52F70523DCB65B001E6348 /* RAN_29.jpg */ = {isa = PBXFileReference; lastKnownFileType = image.jpeg; path = RAN_29.jpg; sourceTree = "<group>"; };
		EE52F70623DCB65B001E6348 /* RAN_93.png */ = {isa = PBXFileReference; lastKnownFileType = image.png; path = RAN_93.png; sourceTree = "<group>"; };
		EE52F70723DCB65C001E6348 /* RAN_82.png */ = {isa = PBXFileReference; lastKnownFileType = image.png; path = RAN_82.png; sourceTree = "<group>"; };
		EE52F70823DCB65C001E6348 /* RAN_68.jpg */ = {isa = PBXFileReference; lastKnownFileType = image.jpeg; path = RAN_68.jpg; sourceTree = "<group>"; };
		EE52F70923DCB65C001E6348 /* RAN_2.jpg */ = {isa = PBXFileReference; lastKnownFileType = image.jpeg; path = RAN_2.jpg; sourceTree = "<group>"; };
		EE52F70A23DCB65C001E6348 /* RAN_72.jpg */ = {isa = PBXFileReference; lastKnownFileType = image.jpeg; path = RAN_72.jpg; sourceTree = "<group>"; };
		EE52F70B23DCB65C001E6348 /* RAN_27.jpg */ = {isa = PBXFileReference; lastKnownFileType = image.jpeg; path = RAN_27.jpg; sourceTree = "<group>"; };
		EE52F70C23DCB65C001E6348 /* RAN_76.jpg */ = {isa = PBXFileReference; lastKnownFileType = image.jpeg; path = RAN_76.jpg; sourceTree = "<group>"; };
		EE52F70D23DCB65C001E6348 /* RAN_56.jpg */ = {isa = PBXFileReference; lastKnownFileType = image.jpeg; path = RAN_56.jpg; sourceTree = "<group>"; };
		EE52F70E23DCB65C001E6348 /* RAN_61.jpg */ = {isa = PBXFileReference; lastKnownFileType = image.jpeg; path = RAN_61.jpg; sourceTree = "<group>"; };
		EE52F70F23DCB65C001E6348 /* RAN_42.jpg */ = {isa = PBXFileReference; lastKnownFileType = image.jpeg; path = RAN_42.jpg; sourceTree = "<group>"; };
		EE52F71023DCB65C001E6348 /* RAN_92.png */ = {isa = PBXFileReference; lastKnownFileType = image.png; path = RAN_92.png; sourceTree = "<group>"; };
		EE52F71123DCB65C001E6348 /* RAN_21.png */ = {isa = PBXFileReference; lastKnownFileType = image.png; path = RAN_21.png; sourceTree = "<group>"; };
		EE52F71223DCB65D001E6348 /* RAN_33.jpg */ = {isa = PBXFileReference; lastKnownFileType = image.jpeg; path = RAN_33.jpg; sourceTree = "<group>"; };
		EE52F71323DCB65D001E6348 /* RAN_18.jpg */ = {isa = PBXFileReference; lastKnownFileType = image.jpeg; path = RAN_18.jpg; sourceTree = "<group>"; };
		EE52F71423DCB65D001E6348 /* RAN_97.jpg */ = {isa = PBXFileReference; lastKnownFileType = image.jpeg; path = RAN_97.jpg; sourceTree = "<group>"; };
		EE52F71523DCB65D001E6348 /* RAN_16.jpg */ = {isa = PBXFileReference; lastKnownFileType = image.jpeg; path = RAN_16.jpg; sourceTree = "<group>"; };
		EE52F71623DCB65D001E6348 /* RAN_30.jpg */ = {isa = PBXFileReference; lastKnownFileType = image.jpeg; path = RAN_30.jpg; sourceTree = "<group>"; };
		EE52F71723DCB65D001E6348 /* RAN_20.jpg */ = {isa = PBXFileReference; lastKnownFileType = image.jpeg; path = RAN_20.jpg; sourceTree = "<group>"; };
		EE52F71823DCB65D001E6348 /* RAN_81.png */ = {isa = PBXFileReference; lastKnownFileType = image.png; path = RAN_81.png; sourceTree = "<group>"; };
		EE52F71923DCB65D001E6348 /* RAN_89.png */ = {isa = PBXFileReference; lastKnownFileType = image.png; path = RAN_89.png; sourceTree = "<group>"; };
		EE52F71A23DCB65D001E6348 /* RAN_12.jpg */ = {isa = PBXFileReference; lastKnownFileType = image.jpeg; path = RAN_12.jpg; sourceTree = "<group>"; };
		EE52F71B23DCB65E001E6348 /* RAN_23.png */ = {isa = PBXFileReference; lastKnownFileType = image.png; path = RAN_23.png; sourceTree = "<group>"; };
		EE52F71C23DCB65E001E6348 /* RAN_17.jpg */ = {isa = PBXFileReference; lastKnownFileType = image.jpeg; path = RAN_17.jpg; sourceTree = "<group>"; };
		EE52F71D23DCB65E001E6348 /* RAN_11.png */ = {isa = PBXFileReference; lastKnownFileType = image.png; path = RAN_11.png; sourceTree = "<group>"; };
		EE52F71E23DCB65E001E6348 /* RAN_36.jpg */ = {isa = PBXFileReference; lastKnownFileType = image.jpeg; path = RAN_36.jpg; sourceTree = "<group>"; };
		EE52F71F23DCB65E001E6348 /* RAN_41.png */ = {isa = PBXFileReference; lastKnownFileType = image.png; path = RAN_41.png; sourceTree = "<group>"; };
		EE52F72023DCB65E001E6348 /* RAN_55.jpg */ = {isa = PBXFileReference; lastKnownFileType = image.jpeg; path = RAN_55.jpg; sourceTree = "<group>"; };
		EE52F72123DCB65E001E6348 /* RAN_9.jpg */ = {isa = PBXFileReference; lastKnownFileType = image.jpeg; path = RAN_9.jpg; sourceTree = "<group>"; };
		EE52F72223DCB65E001E6348 /* RAN_51.png */ = {isa = PBXFileReference; lastKnownFileType = image.png; path = RAN_51.png; sourceTree = "<group>"; };
		EE52F72323DCB65E001E6348 /* RAN_6.jpg */ = {isa = PBXFileReference; lastKnownFileType = image.jpeg; path = RAN_6.jpg; sourceTree = "<group>"; };
		EE52F72423DCB65E001E6348 /* RAN_24.jpg */ = {isa = PBXFileReference; lastKnownFileType = image.jpeg; path = RAN_24.jpg; sourceTree = "<group>"; };
		EE52F72523DCB65F001E6348 /* RAN_5.jpg */ = {isa = PBXFileReference; lastKnownFileType = image.jpeg; path = RAN_5.jpg; sourceTree = "<group>"; };
		EE52F72623DCB65F001E6348 /* RAN_28.jpg */ = {isa = PBXFileReference; lastKnownFileType = image.jpeg; path = RAN_28.jpg; sourceTree = "<group>"; };
		EEF7E05F23D78D940012AB7A /* ImageViewer_App.app */ = {isa = PBXFileReference; explicitFileType = wrapper.application; includeInIndex = 0; path = ImageViewer_App.app; sourceTree = BUILT_PRODUCTS_DIR; };
		EEF7E06223D78D940012AB7A /* AppDelegate.swift */ = {isa = PBXFileReference; lastKnownFileType = sourcecode.swift; path = AppDelegate.swift; sourceTree = "<group>"; };
		EEF7E06423D78D940012AB7A /* SceneDelegate.swift */ = {isa = PBXFileReference; lastKnownFileType = sourcecode.swift; path = SceneDelegate.swift; sourceTree = "<group>"; };
		EEF7E06623D78D940012AB7A /* ViewController.swift */ = {isa = PBXFileReference; lastKnownFileType = sourcecode.swift; path = ViewController.swift; sourceTree = "<group>"; };
		EEF7E06923D78D940012AB7A /* Base */ = {isa = PBXFileReference; lastKnownFileType = file.storyboard; name = Base; path = Base.lproj/Main.storyboard; sourceTree = "<group>"; };
		EEF7E06B23D78D9C0012AB7A /* Assets.xcassets */ = {isa = PBXFileReference; lastKnownFileType = folder.assetcatalog; path = Assets.xcassets; sourceTree = "<group>"; };
		EEF7E06E23D78D9C0012AB7A /* Base */ = {isa = PBXFileReference; lastKnownFileType = file.storyboard; name = Base; path = Base.lproj/LaunchScreen.storyboard; sourceTree = "<group>"; };
		EEF7E07023D78D9C0012AB7A /* Info.plist */ = {isa = PBXFileReference; lastKnownFileType = text.plist.xml; path = Info.plist; sourceTree = "<group>"; };
/* End PBXFileReference section */

/* Begin PBXFrameworksBuildPhase section */
		EEF7E05C23D78D940012AB7A /* Frameworks */ = {
			isa = PBXFrameworksBuildPhase;
			buildActionMask = 2147483647;
			files = (
			);
			runOnlyForDeploymentPostprocessing = 0;
		};
/* End PBXFrameworksBuildPhase section */

/* Begin PBXGroup section */
		EEF7E05623D78D940012AB7A = {
			isa = PBXGroup;
			children = (
				EEF7E06123D78D940012AB7A /* ImageViewer_App */,
				EEF7E06023D78D940012AB7A /* Products */,
			);
			sourceTree = "<group>";
		};
		EEF7E06023D78D940012AB7A /* Products */ = {
			isa = PBXGroup;
			children = (
				EEF7E05F23D78D940012AB7A /* ImageViewer_App.app */,
			);
			name = Products;
			sourceTree = "<group>";
		};
		EEF7E06123D78D940012AB7A /* ImageViewer_App */ = {
			isa = PBXGroup;
			children = (
				EEF7E06223D78D940012AB7A /* AppDelegate.swift */,
				EEF7E06423D78D940012AB7A /* SceneDelegate.swift */,
				EEF7E06623D78D940012AB7A /* ViewController.swift */,
				EE52F6C323DC72AE001E6348 /* DetailViewController.swift */,
				EEF7E06823D78D940012AB7A /* Main.storyboard */,
				EEF7E06B23D78D9C0012AB7A /* Assets.xcassets */,
				EEF7E06D23D78D9C0012AB7A /* LaunchScreen.storyboard */,
				EEF7E07023D78D9C0012AB7A /* Info.plist */,
				EEF7E07623D7929D0012AB7A /* Content */,
			);
			path = ImageViewer_App;
			sourceTree = "<group>";
		};
		EEF7E07623D7929D0012AB7A /* Content */ = {
			isa = PBXGroup;
			children = (
				EE52F6F623DCB65A001E6348 /* RAN_0.png */,
				EE52F6DD23DCB657001E6348 /* RAN_1.jpg */,
				EE52F70923DCB65C001E6348 /* RAN_2.jpg */,
				EE52F70223DCB65B001E6348 /* RAN_3.jpg */,
				EE52F6E323DCB658001E6348 /* RAN_4.jpg */,
				EE52F72523DCB65F001E6348 /* RAN_5.jpg */,
				EE52F72323DCB65E001E6348 /* RAN_6.jpg */,
				EE52F6E823DCB658001E6348 /* RAN_7.png */,
				EE52F6EB23DCB659001E6348 /* RAN_8.png */,
				EE52F72123DCB65E001E6348 /* RAN_9.jpg */,
				EE52F6CB23DCB655001E6348 /* RAN_10.jpg */,
				EE52F71D23DCB65E001E6348 /* RAN_11.png */,
				EE52F71A23DCB65D001E6348 /* RAN_12.jpg */,
				EE52F70023DCB65B001E6348 /* RAN_13.jpg */,
				EE52F6EF23DCB659001E6348 /* RAN_14.jpg */,
				EE52F6E423DCB658001E6348 /* RAN_15.jpg */,
				EE52F71523DCB65D001E6348 /* RAN_16.jpg */,
				EE52F71C23DCB65E001E6348 /* RAN_17.jpg */,
				EE52F71323DCB65D001E6348 /* RAN_18.jpg */,
				EE52F6CF23DCB656001E6348 /* RAN_19.jpg */,
				EE52F71723DCB65D001E6348 /* RAN_20.jpg */,
				EE52F71123DCB65C001E6348 /* RAN_21.png */,
				EE52F6CC23DCB656001E6348 /* RAN_22.jpg */,
				EE52F71B23DCB65E001E6348 /* RAN_23.png */,
				EE52F72423DCB65E001E6348 /* RAN_24.jpg */,
				EE52F6F023DCB659001E6348 /* RAN_25.jpg */,
				EE52F6E623DCB658001E6348 /* RAN_26.jpg */,
				EE52F70B23DCB65C001E6348 /* RAN_27.jpg */,
				EE52F72623DCB65F001E6348 /* RAN_28.jpg */,
				EE52F70523DCB65B001E6348 /* RAN_29.jpg */,
				EE52F71623DCB65D001E6348 /* RAN_30.jpg */,
				EE52F6C623DCB655001E6348 /* RAN_31.jpg */,
				EE52F6C523DCB655001E6348 /* RAN_32.jpg */,
				EE52F71223DCB65D001E6348 /* RAN_33.jpg */,
				EE52F6D123DCB656001E6348 /* RAN_34.jpg */,
				EE52F6CE23DCB656001E6348 /* RAN_35.jpg */,
				EE52F71E23DCB65E001E6348 /* RAN_36.jpg */,
				EE52F6FA23DCB65A001E6348 /* RAN_37.jpg */,
				EE52F6CA23DCB655001E6348 /* RAN_38.png */,
				EE52F6F523DCB65A001E6348 /* RAN_39.jpg */,
				EE52F6FB23DCB65A001E6348 /* RAN_40.jpg */,
				EE52F71F23DCB65E001E6348 /* RAN_41.png */,
				EE52F70F23DCB65C001E6348 /* RAN_42.jpg */,
				EE52F70423DCB65B001E6348 /* RAN_43.jpg */,
				EE52F6C823DCB655001E6348 /* RAN_44.jpg */,
				EE52F6C923DCB655001E6348 /* RAN_45.png */,
				EE52F6DA23DCB657001E6348 /* RAN_46.jpg */,
				EE52F6F923DCB65A001E6348 /* RAN_47.jpg */,
				EE52F6E523DCB658001E6348 /* RAN_48.png */,
				EE52F6F223DCB659001E6348 /* RAN_49.png */,
				EE52F6FC23DCB65A001E6348 /* RAN_50.jpg */,
				EE52F72223DCB65E001E6348 /* RAN_51.png */,
				EE52F6F423DCB65A001E6348 /* RAN_52.png */,
				EE52F6D723DCB657001E6348 /* RAN_53.jpg */,
				EE52F6D223DCB656001E6348 /* RAN_54.png */,
				EE52F72023DCB65E001E6348 /* RAN_55.jpg */,
				EE52F70D23DCB65C001E6348 /* RAN_56.jpg */,
				EE52F70123DCB65B001E6348 /* RAN_57.jpg */,
				EE52F6D023DCB656001E6348 /* RAN_58.jpg */,
				EE52F6DE23DCB657001E6348 /* RAN_59.png */,
				EE52F6EA23DCB659001E6348 /* RAN_60.jpg */,
				EE52F70E23DCB65C001E6348 /* RAN_61.jpg */,
				EE52F6ED23DCB659001E6348 /* RAN_62.jpg */,
				EE52F6DC23DCB657001E6348 /* RAN_63.jpg */,
				EE52F6E723DCB658001E6348 /* RAN_64.jpg */,
				EE52F6F723DCB65A001E6348 /* RAN_65.jpg */,
				EE52F70323DCB65B001E6348 /* RAN_66.jpg */,
				EE52F6F323DCB659001E6348 /* RAN_67.png */,
				EE52F70823DCB65C001E6348 /* RAN_68.jpg */,
				EE52F6EC23DCB659001E6348 /* RAN_69.jpg */,
				EE52F6D323DCB656001E6348 /* RAN_70.png */,
				EE52F6D523DCB656001E6348 /* RAN_71.jpg */,
				EE52F70A23DCB65C001E6348 /* RAN_72.jpg */,
				EE52F6FD23DCB65A001E6348 /* RAN_73.png */,
				EE52F6E123DCB658001E6348 /* RAN_74.png */,
				EE52F6CD23DCB656001E6348 /* RAN_75.png */,
				EE52F70C23DCB65C001E6348 /* RAN_76.jpg */,
				EE52F6FE23DCB65B001E6348 /* RAN_77.jpg */,
				EE52F6D623DCB656001E6348 /* RAN_78.jpg */,
				EE52F6F823DCB65A001E6348 /* RAN_79.jpeg */,
				EE52F6F123DCB659001E6348 /* RAN_80.png */,
				EE52F71823DCB65D001E6348 /* RAN_81.png */,
				EE52F70723DCB65C001E6348 /* RAN_82.png */,
				EE52F6EE23DCB659001E6348 /* RAN_83.png */,
				EE52F6DF23DCB657001E6348 /* RAN_84.png */,
				EE52F6E223DCB658001E6348 /* RAN_85.png */,
				EE52F6FF23DCB65B001E6348 /* RAN_86.png */,
				EE52F6D423DCB656001E6348 /* RAN_87.png */,
				EE52F6E923DCB658001E6348 /* RAN_88.png */,
				EE52F71923DCB65D001E6348 /* RAN_89.png */,
				EE52F6D923DCB657001E6348 /* RAN_90.jpg */,
				EE52F6D823DCB657001E6348 /* RAN_91.png */,
				EE52F71023DCB65C001E6348 /* RAN_92.png */,
				EE52F70623DCB65B001E6348 /* RAN_93.png */,
				EE52F6E023DCB658001E6348 /* RAN_94.jpg */,
				EE52F6C723DCB655001E6348 /* RAN_95.jpg */,
				EE52F6DB23DCB657001E6348 /* RAN_96.jpg */,
				EE52F71423DCB65D001E6348 /* RAN_97.jpg */,
			);
			path = Content;
			sourceTree = "<group>";
		};
/* End PBXGroup section */

/* Begin PBXNativeTarget section */
		EEF7E05E23D78D940012AB7A /* ImageViewer_App */ = {
			isa = PBXNativeTarget;
			buildConfigurationList = EEF7E07323D78D9C0012AB7A /* Build configuration list for PBXNativeTarget "ImageViewer_App" */;
			buildPhases = (
				EEF7E05B23D78D940012AB7A /* Sources */,
				EEF7E05C23D78D940012AB7A /* Frameworks */,
				EEF7E05D23D78D940012AB7A /* Resources */,
			);
			buildRules = (
			);
			dependencies = (
			);
			name = ImageViewer_App;
			productName = ImageViewer_App;
			productReference = EEF7E05F23D78D940012AB7A /* ImageViewer_App.app */;
			productType = "com.apple.product-type.application";
		};
/* End PBXNativeTarget section */

/* Begin PBXProject section */
		EEF7E05723D78D940012AB7A /* Project object */ = {
			isa = PBXProject;
			attributes = {
				LastSwiftUpdateCheck = 1130;
				LastUpgradeCheck = 1130;
				ORGANIZATIONNAME = MeerkatWorks;
				TargetAttributes = {
					EEF7E05E23D78D940012AB7A = {
						CreatedOnToolsVersion = 11.3.1;
					};
				};
			};
			buildConfigurationList = EEF7E05A23D78D940012AB7A /* Build configuration list for PBXProject "ImageViewer_App" */;
			compatibilityVersion = "Xcode 9.3";
			developmentRegion = en;
			hasScannedForEncodings = 0;
			knownRegions = (
				en,
				Base,
			);
			mainGroup = EEF7E05623D78D940012AB7A;
			productRefGroup = EEF7E06023D78D940012AB7A /* Products */;
			projectDirPath = "";
			projectRoot = "";
			targets = (
				EEF7E05E23D78D940012AB7A /* ImageViewer_App */,
			);
		};
/* End PBXProject section */

/* Begin PBXResourcesBuildPhase section */
		EEF7E05D23D78D940012AB7A /* Resources */ = {
			isa = PBXResourcesBuildPhase;
			buildActionMask = 2147483647;
			files = (
				EE52F73523DCB65F001E6348 /* RAN_70.png in Resources */,
				EE52F74723DCB65F001E6348 /* RAN_48.png in Resources */,
				EE52F77C23DCB65F001E6348 /* RAN_12.jpg in Resources */,
				EE52F75623DCB65F001E6348 /* RAN_52.png in Resources */,
				EE52F76123DCB65F001E6348 /* RAN_86.png in Resources */,
				EE52F75D23DCB65F001E6348 /* RAN_40.jpg in Resources */,
				EE52F73323DCB65F001E6348 /* RAN_34.jpg in Resources */,
				EE52F73023DCB65F001E6348 /* RAN_35.jpg in Resources */,
				EE52F75523DCB65F001E6348 /* RAN_67.png in Resources */,
				EE52F77023DCB65F001E6348 /* RAN_61.jpg in Resources */,
				EE52F75223DCB65F001E6348 /* RAN_25.jpg in Resources */,
				EE52F75023DCB65F001E6348 /* RAN_83.png in Resources */,
				EE52F73823DCB65F001E6348 /* RAN_78.jpg in Resources */,
				EE52F77623DCB65F001E6348 /* RAN_97.jpg in Resources */,
				EE52F77923DCB65F001E6348 /* RAN_20.jpg in Resources */,
				EE52F73C23DCB65F001E6348 /* RAN_46.jpg in Resources */,
				EE52F77223DCB65F001E6348 /* RAN_92.png in Resources */,
				EE52F76A23DCB65F001E6348 /* RAN_68.jpg in Resources */,
				EE52F74823DCB65F001E6348 /* RAN_26.jpg in Resources */,
				EEF7E06F23D78D9C0012AB7A /* LaunchScreen.storyboard in Resources */,
				EE52F75B23DCB65F001E6348 /* RAN_47.jpg in Resources */,
				EE52F75423DCB65F001E6348 /* RAN_49.png in Resources */,
				EE52F76723DCB65F001E6348 /* RAN_29.jpg in Resources */,
				EE52F72F23DCB65F001E6348 /* RAN_75.png in Resources */,
				EE52F72A23DCB65F001E6348 /* RAN_44.jpg in Resources */,
				EE52F77A23DCB65F001E6348 /* RAN_81.png in Resources */,
				EE52F76F23DCB65F001E6348 /* RAN_56.jpg in Resources */,
				EE52F74323DCB65F001E6348 /* RAN_74.png in Resources */,
				EE52F73923DCB65F001E6348 /* RAN_53.jpg in Resources */,
				EE52F74123DCB65F001E6348 /* RAN_84.png in Resources */,
				EE52F73223DCB65F001E6348 /* RAN_58.jpg in Resources */,
				EE52F74023DCB65F001E6348 /* RAN_59.png in Resources */,
				EE52F77423DCB65F001E6348 /* RAN_33.jpg in Resources */,
				EEF7E06C23D78D9C0012AB7A /* Assets.xcassets in Resources */,
				EE52F77D23DCB65F001E6348 /* RAN_23.png in Resources */,
				EE52F75E23DCB65F001E6348 /* RAN_50.jpg in Resources */,
				EE52F74423DCB65F001E6348 /* RAN_85.png in Resources */,
				EE52F73B23DCB65F001E6348 /* RAN_90.jpg in Resources */,
				EE52F77823DCB65F001E6348 /* RAN_30.jpg in Resources */,
				EE52F76E23DCB65F001E6348 /* RAN_76.jpg in Resources */,
				EE52F77B23DCB65F001E6348 /* RAN_89.png in Resources */,
				EE52F74D23DCB65F001E6348 /* RAN_8.png in Resources */,
				EE52F72C23DCB65F001E6348 /* RAN_38.png in Resources */,
				EE52F73723DCB65F001E6348 /* RAN_71.jpg in Resources */,
				EE52F78823DCB65F001E6348 /* RAN_28.jpg in Resources */,
				EE52F74E23DCB65F001E6348 /* RAN_69.jpg in Resources */,
				EE52F72D23DCB65F001E6348 /* RAN_10.jpg in Resources */,
				EE52F75823DCB65F001E6348 /* RAN_0.png in Resources */,
				EE52F73423DCB65F001E6348 /* RAN_54.png in Resources */,
				EE52F76423DCB65F001E6348 /* RAN_3.jpg in Resources */,
				EE52F72723DCB65F001E6348 /* RAN_32.jpg in Resources */,
				EE52F76623DCB65F001E6348 /* RAN_43.jpg in Resources */,
				EE52F74F23DCB65F001E6348 /* RAN_62.jpg in Resources */,
				EE52F76923DCB65F001E6348 /* RAN_82.png in Resources */,
				EE52F75923DCB65F001E6348 /* RAN_65.jpg in Resources */,
				EE52F78123DCB65F001E6348 /* RAN_41.png in Resources */,
				EE52F76B23DCB65F001E6348 /* RAN_2.jpg in Resources */,
				EE52F77F23DCB65F001E6348 /* RAN_11.png in Resources */,
				EE52F76323DCB65F001E6348 /* RAN_57.jpg in Resources */,
				EE52F78423DCB65F001E6348 /* RAN_51.png in Resources */,
				EE52F76C23DCB65F001E6348 /* RAN_72.jpg in Resources */,
				EE52F73A23DCB65F001E6348 /* RAN_91.png in Resources */,
				EE52F74A23DCB65F001E6348 /* RAN_7.png in Resources */,
				EE52F78623DCB65F001E6348 /* RAN_24.jpg in Resources */,
				EE52F72E23DCB65F001E6348 /* RAN_22.jpg in Resources */,
				EE52F75F23DCB65F001E6348 /* RAN_73.png in Resources */,
				EE52F75A23DCB65F001E6348 /* RAN_79.jpeg in Resources */,
				EE52F78223DCB65F001E6348 /* RAN_55.jpg in Resources */,
				EE52F77723DCB65F001E6348 /* RAN_16.jpg in Resources */,
				EEF7E06A23D78D940012AB7A /* Main.storyboard in Resources */,
				EE52F76823DCB65F001E6348 /* RAN_93.png in Resources */,
				EE52F76D23DCB65F001E6348 /* RAN_27.jpg in Resources */,
				EE52F75C23DCB65F001E6348 /* RAN_37.jpg in Resources */,
				EE52F74523DCB65F001E6348 /* RAN_4.jpg in Resources */,
				EE52F73623DCB65F001E6348 /* RAN_87.png in Resources */,
				EE52F77E23DCB65F001E6348 /* RAN_17.jpg in Resources */,
				EE52F74B23DCB65F001E6348 /* RAN_88.png in Resources */,
				EE52F76523DCB65F001E6348 /* RAN_66.jpg in Resources */,
				EE52F72823DCB65F001E6348 /* RAN_31.jpg in Resources */,
				EE52F74C23DCB65F001E6348 /* RAN_60.jpg in Resources */,
				EE52F77323DCB65F001E6348 /* RAN_21.png in Resources */,
				EE52F75323DCB65F001E6348 /* RAN_80.png in Resources */,
				EE52F78523DCB65F001E6348 /* RAN_6.jpg in Resources */,
				EE52F75723DCB65F001E6348 /* RAN_39.jpg in Resources */,
				EE52F74923DCB65F001E6348 /* RAN_64.jpg in Resources */,
				EE52F78323DCB65F001E6348 /* RAN_9.jpg in Resources */,
				EE52F78723DCB65F001E6348 /* RAN_5.jpg in Resources */,
				EE52F73E23DCB65F001E6348 /* RAN_63.jpg in Resources */,
				EE52F73123DCB65F001E6348 /* RAN_19.jpg in Resources */,
				EE52F74623DCB65F001E6348 /* RAN_15.jpg in Resources */,
				EE52F77523DCB65F001E6348 /* RAN_18.jpg in Resources */,
				EE52F75123DCB65F001E6348 /* RAN_14.jpg in Resources */,
				EE52F72B23DCB65F001E6348 /* RAN_45.png in Resources */,
				EE52F73F23DCB65F001E6348 /* RAN_1.jpg in Resources */,
				EE52F73D23DCB65F001E6348 /* RAN_96.jpg in Resources */,
				EE52F76223DCB65F001E6348 /* RAN_13.jpg in Resources */,
				EE52F78023DCB65F001E6348 /* RAN_36.jpg in Resources */,
				EE52F76023DCB65F001E6348 /* RAN_77.jpg in Resources */,
				EE52F77123DCB65F001E6348 /* RAN_42.jpg in Resources */,
				EE52F74223DCB65F001E6348 /* RAN_94.jpg in Resources */,
				EE52F72923DCB65F001E6348 /* RAN_95.jpg in Resources */,
			);
			runOnlyForDeploymentPostprocessing = 0;
		};
/* End PBXResourcesBuildPhase section */

/* Begin PBXSourcesBuildPhase section */
		EEF7E05B23D78D940012AB7A /* Sources */ = {
			isa = PBXSourcesBuildPhase;
			buildActionMask = 2147483647;
			files = (
				EEF7E06723D78D940012AB7A /* ViewController.swift in Sources */,
				EEF7E06323D78D940012AB7A /* AppDelegate.swift in Sources */,
				EEF7E06523D78D940012AB7A /* SceneDelegate.swift in Sources */,
				EE52F6C423DC72AF001E6348 /* DetailViewController.swift in Sources */,
			);
			runOnlyForDeploymentPostprocessing = 0;
		};
/* End PBXSourcesBuildPhase section */

/* Begin PBXVariantGroup section */
		EEF7E06823D78D940012AB7A /* Main.storyboard */ = {
			isa = PBXVariantGroup;
			children = (
				EEF7E06923D78D940012AB7A /* Base */,
			);
			name = Main.storyboard;
			sourceTree = "<group>";
		};
		EEF7E06D23D78D9C0012AB7A /* LaunchScreen.storyboard */ = {
			isa = PBXVariantGroup;
			children = (
				EEF7E06E23D78D9C0012AB7A /* Base */,
			);
			name = LaunchScreen.storyboard;
			sourceTree = "<group>";
		};
/* End PBXVariantGroup section */

/* Begin XCBuildConfiguration section */
		EEF7E07123D78D9C0012AB7A /* Debug */ = {
			isa = XCBuildConfiguration;
			buildSettings = {
				ALWAYS_SEARCH_USER_PATHS = NO;
				CLANG_ANALYZER_NONNULL = YES;
				CLANG_ANALYZER_NUMBER_OBJECT_CONVERSION = YES_AGGRESSIVE;
				CLANG_CXX_LANGUAGE_STANDARD = "gnu++14";
				CLANG_CXX_LIBRARY = "libc++";
				CLANG_ENABLE_MODULES = YES;
				CLANG_ENABLE_OBJC_ARC = YES;
				CLANG_ENABLE_OBJC_WEAK = YES;
				CLANG_WARN_BLOCK_CAPTURE_AUTORELEASING = YES;
				CLANG_WARN_BOOL_CONVERSION = YES;
				CLANG_WARN_COMMA = YES;
				CLANG_WARN_CONSTANT_CONVERSION = YES;
				CLANG_WARN_DEPRECATED_OBJC_IMPLEMENTATIONS = YES;
				CLANG_WARN_DIRECT_OBJC_ISA_USAGE = YES_ERROR;
				CLANG_WARN_DOCUMENTATION_COMMENTS = YES;
				CLANG_WARN_EMPTY_BODY = YES;
				CLANG_WARN_ENUM_CONVERSION = YES;
				CLANG_WARN_INFINITE_RECURSION = YES;
				CLANG_WARN_INT_CONVERSION = YES;
				CLANG_WARN_NON_LITERAL_NULL_CONVERSION = YES;
				CLANG_WARN_OBJC_IMPLICIT_RETAIN_SELF = YES;
				CLANG_WARN_OBJC_LITERAL_CONVERSION = YES;
				CLANG_WARN_OBJC_ROOT_CLASS = YES_ERROR;
				CLANG_WARN_RANGE_LOOP_ANALYSIS = YES;
				CLANG_WARN_STRICT_PROTOTYPES = YES;
				CLANG_WARN_SUSPICIOUS_MOVE = YES;
				CLANG_WARN_UNGUARDED_AVAILABILITY = YES_AGGRESSIVE;
				CLANG_WARN_UNREACHABLE_CODE = YES;
				CLANG_WARN__DUPLICATE_METHOD_MATCH = YES;
				COPY_PHASE_STRIP = NO;
				DEBUG_INFORMATION_FORMAT = dwarf;
				ENABLE_STRICT_OBJC_MSGSEND = YES;
				ENABLE_TESTABILITY = YES;
				GCC_C_LANGUAGE_STANDARD = gnu11;
				GCC_DYNAMIC_NO_PIC = NO;
				GCC_NO_COMMON_BLOCKS = YES;
				GCC_OPTIMIZATION_LEVEL = 0;
				GCC_PREPROCESSOR_DEFINITIONS = (
					"DEBUG=1",
					"$(inherited)",
				);
				GCC_WARN_64_TO_32_BIT_CONVERSION = YES;
				GCC_WARN_ABOUT_RETURN_TYPE = YES_ERROR;
				GCC_WARN_UNDECLARED_SELECTOR = YES;
				GCC_WARN_UNINITIALIZED_AUTOS = YES_AGGRESSIVE;
				GCC_WARN_UNUSED_FUNCTION = YES;
				GCC_WARN_UNUSED_VARIABLE = YES;
				IPHONEOS_DEPLOYMENT_TARGET = 13.2;
				MTL_ENABLE_DEBUG_INFO = INCLUDE_SOURCE;
				MTL_FAST_MATH = YES;
				ONLY_ACTIVE_ARCH = YES;
				SDKROOT = iphoneos;
				SWIFT_ACTIVE_COMPILATION_CONDITIONS = DEBUG;
				SWIFT_OPTIMIZATION_LEVEL = "-Onone";
			};
			name = Debug;
		};
		EEF7E07223D78D9C0012AB7A /* Release */ = {
			isa = XCBuildConfiguration;
			buildSettings = {
				ALWAYS_SEARCH_USER_PATHS = NO;
				CLANG_ANALYZER_NONNULL = YES;
				CLANG_ANALYZER_NUMBER_OBJECT_CONVERSION = YES_AGGRESSIVE;
				CLANG_CXX_LANGUAGE_STANDARD = "gnu++14";
				CLANG_CXX_LIBRARY = "libc++";
				CLANG_ENABLE_MODULES = YES;
				CLANG_ENABLE_OBJC_ARC = YES;
				CLANG_ENABLE_OBJC_WEAK = YES;
				CLANG_WARN_BLOCK_CAPTURE_AUTORELEASING = YES;
				CLANG_WARN_BOOL_CONVERSION = YES;
				CLANG_WARN_COMMA = YES;
				CLANG_WARN_CONSTANT_CONVERSION = YES;
				CLANG_WARN_DEPRECATED_OBJC_IMPLEMENTATIONS = YES;
				CLANG_WARN_DIRECT_OBJC_ISA_USAGE = YES_ERROR;
				CLANG_WARN_DOCUMENTATION_COMMENTS = YES;
				CLANG_WARN_EMPTY_BODY = YES;
				CLANG_WARN_ENUM_CONVERSION = YES;
				CLANG_WARN_INFINITE_RECURSION = YES;
				CLANG_WARN_INT_CONVERSION = YES;
				CLANG_WARN_NON_LITERAL_NULL_CONVERSION = YES;
				CLANG_WARN_OBJC_IMPLICIT_RETAIN_SELF = YES;
				CLANG_WARN_OBJC_LITERAL_CONVERSION = YES;
				CLANG_WARN_OBJC_ROOT_CLASS = YES_ERROR;
				CLANG_WARN_RANGE_LOOP_ANALYSIS = YES;
				CLANG_WARN_STRICT_PROTOTYPES = YES;
				CLANG_WARN_SUSPICIOUS_MOVE = YES;
				CLANG_WARN_UNGUARDED_AVAILABILITY = YES_AGGRESSIVE;
				CLANG_WARN_UNREACHABLE_CODE = YES;
				CLANG_WARN__DUPLICATE_METHOD_MATCH = YES;
				COPY_PHASE_STRIP = NO;
				DEBUG_INFORMATION_FORMAT = "dwarf-with-dsym";
				ENABLE_NS_ASSERTIONS = NO;
				ENABLE_STRICT_OBJC_MSGSEND = YES;
				GCC_C_LANGUAGE_STANDARD = gnu11;
				GCC_NO_COMMON_BLOCKS = YES;
				GCC_WARN_64_TO_32_BIT_CONVERSION = YES;
				GCC_WARN_ABOUT_RETURN_TYPE = YES_ERROR;
				GCC_WARN_UNDECLARED_SELECTOR = YES;
				GCC_WARN_UNINITIALIZED_AUTOS = YES_AGGRESSIVE;
				GCC_WARN_UNUSED_FUNCTION = YES;
				GCC_WARN_UNUSED_VARIABLE = YES;
				IPHONEOS_DEPLOYMENT_TARGET = 13.2;
				MTL_ENABLE_DEBUG_INFO = NO;
				MTL_FAST_MATH = YES;
				SDKROOT = iphoneos;
				SWIFT_COMPILATION_MODE = wholemodule;
				SWIFT_OPTIMIZATION_LEVEL = "-O";
				VALIDATE_PRODUCT = YES;
			};
			name = Release;
		};
		EEF7E07423D78D9C0012AB7A /* Debug */ = {
			isa = XCBuildConfiguration;
			buildSettings = {
				ASSETCATALOG_COMPILER_APPICON_NAME = AppIcon;
				CODE_SIGN_STYLE = Automatic;
				DEVELOPMENT_TEAM = 7FZ5UVTS24;
				INFOPLIST_FILE = ImageViewer_App/Info.plist;
				LD_RUNPATH_SEARCH_PATHS = (
					"$(inherited)",
					"@executable_path/Frameworks",
				);
				PRODUCT_BUNDLE_IDENTIFIER = "com.MeerkatWorks.ImageViewer-App";
				PRODUCT_NAME = "$(TARGET_NAME)";
				SWIFT_VERSION = 5.0;
				TARGETED_DEVICE_FAMILY = "1,2";
			};
			name = Debug;
		};
		EEF7E07523D78D9C0012AB7A /* Release */ = {
			isa = XCBuildConfiguration;
			buildSettings = {
				ASSETCATALOG_COMPILER_APPICON_NAME = AppIcon;
				CODE_SIGN_STYLE = Automatic;
				DEVELOPMENT_TEAM = 7FZ5UVTS24;
				INFOPLIST_FILE = ImageViewer_App/Info.plist;
				LD_RUNPATH_SEARCH_PATHS = (
					"$(inherited)",
					"@executable_path/Frameworks",
				);
				PRODUCT_BUNDLE_IDENTIFIER = "com.MeerkatWorks.ImageViewer-App";
				PRODUCT_NAME = "$(TARGET_NAME)";
				SWIFT_VERSION = 5.0;
				TARGETED_DEVICE_FAMILY = "1,2";
			};
			name = Release;
		};
/* End XCBuildConfiguration section */

/* Begin XCConfigurationList section */
		EEF7E05A23D78D940012AB7A /* Build configuration list for PBXProject "ImageViewer_App" */ = {
			isa = XCConfigurationList;
			buildConfigurations = (
				EEF7E07123D78D9C0012AB7A /* Debug */,
				EEF7E07223D78D9C0012AB7A /* Release */,
			);
			defaultConfigurationIsVisible = 0;
			defaultConfigurationName = Release;
		};
		EEF7E07323D78D9C0012AB7A /* Build configuration list for PBXNativeTarget "ImageViewer_App" */ = {
			isa = XCConfigurationList;
			buildConfigurations = (
				EEF7E07423D78D9C0012AB7A /* Debug */,
				EEF7E07523D78D9C0012AB7A /* Release */,
			);
			defaultConfigurationIsVisible = 0;
			defaultConfigurationName = Release;
		};
/* End XCConfigurationList section */
	};
	rootObject = EEF7E05723D78D940012AB7A /* Project object */;
}
